[[package]]
name = "pysimplegui"
version = "4.60.1"
description = "Python GUIs for Humans. Launched in 2018. It's 2022 & PySimpleGUI is an ACTIVE & supported project. Super-simple to create custom GUI's. 325+ Demo programs & Cookbook for rapid start. Extensive documentation. Main docs at www.PySimpleGUI.org. Fun & your success are the focus. Examples using Machine Learning (GUI, OpenCV Integration), Rainmeter Style Desktop Widgets, Matplotlib + Pyplot, PIL support, add GUI to command line scripts, PDF & Image Viewers. Great for beginners & advanced GUI programmers."
category = "main"
optional = false
python-versions = "*"

[metadata]
lock-version = "1.1"
python-versions = "^3.9"
content-hash = "3e00e6b52d910afadb66ae1eb9c270e2094baeec74b43ea2648a4d12202ab158"

[metadata.files]
pysimplegui = [
    {file = "PySimpleGUI-4.60.1-py3-none-any.whl", hash = "sha256:c31c168deb1816d56811bfb4c881b3f4bcaca03b7d5f0ea7ada9772f397582a3"},
    {file = "PySimpleGUI-4.60.1.tar.gz", hash = "sha256:3ea18e3aaea515bdf40e7d73015d101d92abddf214b134ae7674e99c58b96598"},
]
